
Microsoft Visual Studio Solution File, Format Version 12.00
# Visual Studio Version 17
VisualStudioVersion = 17.11.35327.3
MinimumVisualStudioVersion = 10.0.40219.1
Project("{FAE04EC0-301F-11D3-BF4B-00C04F79EFBC}") = "stORM", "stORM\stORM.csproj", "{28AAA1FD-269D-4D01-80E5-1B04186B4444}"
EndProject
Project("{FAE04EC0-301F-11D3-BF4B-00C04F79EFBC}") = "stORM_unit_tests", "stORM_unit_tests\stORM_unit_tests.csproj", "{11DCFC6B-AA42-4391-9B82-05F1C1A0975C}"
EndProject
Global
	GlobalSection(SolutionConfigurationPlatforms) = preSolution
		Debug|Any CPU = Debug|Any CPU
		Release|Any CPU = Release|Any CPU
	EndGlobalSection
	GlobalSection(ProjectConfigurationPlatforms) = postSolution
		{28AAA1FD-269D-4D01-80E5-1B04186B4444}.Debug|Any CPU.ActiveCfg = Debug|Any CPU
		{28AAA1FD-269D-4D01-80E5-1B04186B4444}.Debug|Any CPU.Build.0 = Debug|Any CPU
		{28AAA1FD-269D-4D01-80E5-1B04186B4444}.Release|Any CPU.ActiveCfg = Release|Any CPU
		{28AAA1FD-269D-4D01-80E5-1B04186B4444}.Release|Any CPU.Build.0 = Release|Any CPU
		{11DCFC6B-AA42-4391-9B82-05F1C1A0975C}.Debug|Any CPU.ActiveCfg = Debug|Any CPU
		{11DCFC6B-AA42-4391-9B82-05F1C1A0975C}.Debug|Any CPU.Build.0 = Debug|Any CPU
		{11DCFC6B-AA42-4391-9B82-05F1C1A0975C}.Release|Any CPU.ActiveCfg = Release|Any CPU
		{11DCFC6B-AA42-4391-9B82-05F1C1A0975C}.Release|Any CPU.Build.0 = Release|Any CPU
	EndGlobalSection
	GlobalSection(SolutionProperties) = preSolution
		HideSolutionNode = FALSE
	EndGlobalSection
	GlobalSection(ExtensibilityGlobals) = postSolution
		SolutionGuid = {6CAB4302-AA68-49E9-8871-4C10B7B64418}
	EndGlobalSection
EndGlobal
